
Microsoft Visual Studio Solution File, Format Version 12.00
# Visual Studio 15
VisualStudioVersion = 15.0.26730.16
MinimumVisualStudioVersion = 10.0.40219.1
Project("{FAE04EC0-301F-11D3-BF4B-00C04F79EFBC}") = "SimpleService", "SimpleService\SimpleService.csproj", "{F726FF49-CAF3-4DC7-8C4C-8E939F27F86F}"
EndProject
Project("{FAE04EC0-301F-11D3-BF4B-00C04F79EFBC}") = "Host", "Host\Host.csproj", "{48ECCADB-C70E-437A-AEFF-82BD7CB8E77D}"
EndProject
Global
	GlobalSection(SolutionConfigurationPlatforms) = preSolution
		Debug|Any CPU = Debug|Any CPU
		Release|Any CPU = Release|Any CPU
	EndGlobalSection
	GlobalSection(ProjectConfigurationPlatforms) = postSolution
		{F726FF49-CAF3-4DC7-8C4C-8E939F27F86F}.Debug|Any CPU.ActiveCfg = Debug|Any CPU
		{F726FF49-CAF3-4DC7-8C4C-8E939F27F86F}.Debug|Any CPU.Build.0 = Debug|Any CPU
		{F726FF49-CAF3-4DC7-8C4C-8E939F27F86F}.Release|Any CPU.ActiveCfg = Release|Any CPU
		{F726FF49-CAF3-4DC7-8C4C-8E939F27F86F}.Release|Any CPU.Build.0 = Release|Any CPU
		{48ECCADB-C70E-437A-AEFF-82BD7CB8E77D}.Debug|Any CPU.ActiveCfg = Debug|Any CPU
		{48ECCADB-C70E-437A-AEFF-82BD7CB8E77D}.Debug|Any CPU.Build.0 = Debug|Any CPU
		{48ECCADB-C70E-437A-AEFF-82BD7CB8E77D}.Release|Any CPU.ActiveCfg = Release|Any CPU
		{48ECCADB-C70E-437A-AEFF-82BD7CB8E77D}.Release|Any CPU.Build.0 = Release|Any CPU
	EndGlobalSection
	GlobalSection(SolutionProperties) = preSolution
		HideSolutionNode = FALSE
	EndGlobalSection
	GlobalSection(ExtensibilityGlobals) = postSolution
		SolutionGuid = {65D34C01-908C-4D1F-921F-2E9477D3925F}
	EndGlobalSection
EndGlobal
